
Microsoft Visual Studio Solution File, Format Version 12.00
# Visual Studio Version 17
VisualStudioVersion = 17.6.33801.468
MinimumVisualStudioVersion = 10.0.40219.1
Project("{FAE04EC0-301F-11D3-BF4B-00C04F79EFBC}") = "DersProgramiRobotu", "DersProgramiRobotu\DersProgramiRobotu.csproj", "{2CE65882-661C-4AD8-A0F5-52CF593CCF7B}"
EndProject
Global
	GlobalSection(SolutionConfigurationPlatforms) = preSolution
		Debug|Any CPU = Debug|Any CPU
		Release|Any CPU = Release|Any CPU
	EndGlobalSection
	GlobalSection(ProjectConfigurationPlatforms) = postSolution
		{2CE65882-661C-4AD8-A0F5-52CF593CCF7B}.Debug|Any CPU.ActiveCfg = Debug|Any CPU
		{2CE65882-661C-4AD8-A0F5-52CF593CCF7B}.Debug|Any CPU.Build.0 = Debug|Any CPU
		{2CE65882-661C-4AD8-A0F5-52CF593CCF7B}.Release|Any CPU.ActiveCfg = Release|Any CPU
		{2CE65882-661C-4AD8-A0F5-52CF593CCF7B}.Release|Any CPU.Build.0 = Release|Any CPU
	EndGlobalSection
	GlobalSection(SolutionProperties) = preSolution
		HideSolutionNode = FALSE
	EndGlobalSection
	GlobalSection(ExtensibilityGlobals) = postSolution
		SolutionGuid = {736C3A48-6EC6-434D-8E47-C9C6C7628FBC}
	EndGlobalSection
EndGlobal
